<?xml version="1.0" encoding="utf-8"?>
<Project ToolsVersion="4.0" xmlns="http://schemas.microsoft.com/developer/msbuild/2003">
  <ItemGroup>
    <Filter Include="Source Files">
      <UniqueIdentifier>{4FC737F1-C7A5-4376-A066-2A32D752A2FF}</UniqueIdentifier>
      <Extensions>cpp;c;cc;cxx;def;odl;idl;hpj;bat;asm;asmx</Extensions>
    </Filter>
    <Filter Include="Header Files">
      <UniqueIdentifier>{93995380-89BD-4b04-88EB-625FBE52EBFB}</UniqueIdentifier>
      <Extensions>h;hh;hpp;hxx;hm;inl;inc;xsd</Extensions>
    </Filter>
    <Filter Include="Resource Files">
      <UniqueIdentifier>{67DA6AB6-F800-4c08-8B7A-83BB121AAD01}</UniqueIdentifier>
      <Extensions>rc;ico;cur;bmp;dlg;rc2;rct;bin;rgs;gif;jpg;jpeg;jpe;resx;tiff;tif;png;wav;mfcribbon-ms</Extensions>
    </Filter>
    <Filter Include="mappers">
      <UniqueIdentifier>{d3478f1d-05aa-440e-b15f-96d374c7422b}</UniqueIdentifier>
    </Filter>
    <Filter Include="Source Files\Debug">
      <UniqueIdentifier>{0aafb935-2020-4ac4-a8c7-01d241f147e3}</UniqueIdentifier>
    </Filter>
    <Filter Include="Interface">
      <UniqueIdentifier>{971f43d3-04ad-43d8-810f-e8e5ac969325}</UniqueIdentifier>
    </Filter>
    <Filter Include="Processors">
      <UniqueIdentifier>{4aabd05a-6031-4c5f-95a1-804ea7acccf1}</UniqueIdentifier>
    </Filter>
    <Filter Include="System">
      <UniqueIdentifier>{3082460d-f9a3-48a6-9aca-124a17e6d241}</UniqueIdentifier>
    </Filter>
  </ItemGroup>
  <ItemGroup>
    <ClInclude Include="src\assert.h">
      <Filter>Source Files\Debug</Filter>
    </ClInclude>
    <ClInclude Include="src\debug.h">
      <Filter>Source Files\Debug</Filter>
    </ClInclude>
    <ClInclude Include="src\common.h">
      <Filter>Header Files</Filter>
    </ClInclude>
    <ClInclude Include="src\mappers\MMC1.h">
      <Filter>mappers</Filter>
    </ClInclude>
    <ClInclude Include="src\mappers\MMC3.h">
      <Filter>mappers</Filter>
    </ClInclude>
    <ClInclude Include="src\mappers\NROM.h">
      <Filter>mappers</Filter>
    </ClInclude>
    <ClInclude Include="src\mappers\UNROM.h">
      <Filter>mappers</Filter>
    </ClInclude>
    <ClInclude Include="src\processors\apu.h">
      <Filter>Processors</Filter>
    </ClInclude>
    <ClInclude Include="src\processors\mos6502.h">
      <Filter>Processors</Filter>
    </ClInclude>
    <ClInclude Include="src\processors\mos6502_ops.h">
      <Filter>Processors</Filter>
    </ClInclude>
    <ClInclude Include="src\processors\ppu.h">
      <Filter>Processors</Filter>
    </ClInclude>
    <ClInclude Include="include\tomtendo\playback.h">
      <Filter>Interface</Filter>
    </ClInclude>
    <ClInclude Include="include\tomtendo\command.h">
      <Filter>Interface</Filter>
    </ClInclude>
    <ClInclude Include="include\tomtendo\input.h">
      <Filter>Interface</Filter>
    </ClInclude>
    <ClInclude Include="include\tomtendo\time.h">
      <Filter>Interface</Filter>
    </ClInclude>
    <ClInclude Include="include\tomtendo\timer.h">
      <Filter>Interface</Filter>
    </ClInclude>
    <ClInclude Include="src\system\mapper.h">
      <Filter>System</Filter>
    </ClInclude>
    <ClInclude Include="src\system\NesSystem.h">
      <Filter>System</Filter>
    </ClInclude>
    <ClInclude Include="include\tomtendo\interface.h">
      <Filter>Interface</Filter>
    </ClInclude>
    <ClInclude Include="stdafx.h">
      <Filter>Header Files</Filter>
    </ClInclude>
    <ClInclude Include="targetver.h">
      <Filter>Header Files</Filter>
    </ClInclude>
    <ClInclude Include="include\tomtendo\util.h">
      <Filter>Interface</Filter>
    </ClInclude>
    <ClInclude Include="src\system\cart.h">
      <Filter>System</Filter>
    </ClInclude>
    <ClInclude Include="include\tomtendo\audio.h">
      <Filter>Interface</Filter>
    </ClInclude>
    <ClInclude Include="include\tomtendo\image.h">
      <Filter>Interface</Filter>
    </ClInclude>
    <ClInclude Include="include\tomtendo\log.h">
      <Filter>Interface</Filter>
    </ClInclude>
  </ItemGroup>
  <ItemGroup>
    <ClCompile Include="src\debug.cpp">
      <Filter>Source Files\Debug</Filter>
    </ClCompile>
    <ClCompile Include="src\serializer.cpp">
      <Filter>Source Files</Filter>
    </ClCompile>
    <ClCompile Include="src\processors\apu.cpp">
      <Filter>Processors</Filter>
    </ClCompile>
    <ClCompile Include="src\processors\mos6502.cpp">
      <Filter>Processors</Filter>
    </ClCompile>
    <ClCompile Include="src\processors\ppu.cpp">
      <Filter>Processors</Filter>
    </ClCompile>
    <ClCompile Include="src\system\nesSystem.cpp">
      <Filter>System</Filter>
    </ClCompile>
    <ClCompile Include="src\system\systemSerialize.cpp">
      <Filter>System</Filter>
    </ClCompile>
    <ClCompile Include="src\system\command.cpp">
      <Filter>System</Filter>
    </ClCompile>
    <ClCompile Include="src\wintendoMain.cpp">
      <Filter>Source Files</Filter>
    </ClCompile>
    <ClCompile Include="src\interface.cpp">
      <Filter>Source Files</Filter>
    </ClCompile>
    <ClCompile Include="stdafx.cpp">
      <Filter>Source Files</Filter>
    </ClCompile>
    <ClCompile Include="src\system\state.cpp">
      <Filter>System</Filter>
    </ClCompile>
  </ItemGroup>
</Project>